
Microsoft Visual Studio Solution File, Format Version 12.00
# Visual Studio Version 17
VisualStudioVersion = 17.4.33205.214
MinimumVisualStudioVersion = 10.0.40219.1
Project("{FAE04EC0-301F-11D3-BF4B-00C04F79EFBC}") = "Kvas", "Kvas\Kvas.csproj", "{34C11D04-8A0D-4190-9ACC-C66A690D0016}"
EndProject
Global
	GlobalSection(SolutionConfigurationPlatforms) = preSolution
		Debug|Any CPU = Debug|Any CPU
		Release|Any CPU = Release|Any CPU
	EndGlobalSection
	GlobalSection(ProjectConfigurationPlatforms) = postSolution
		{34C11D04-8A0D-4190-9ACC-C66A690D0016}.Debug|Any CPU.ActiveCfg = Debug|Any CPU
		{34C11D04-8A0D-4190-9ACC-C66A690D0016}.Debug|Any CPU.Build.0 = Debug|Any CPU
		{34C11D04-8A0D-4190-9ACC-C66A690D0016}.Release|Any CPU.ActiveCfg = Release|Any CPU
		{34C11D04-8A0D-4190-9ACC-C66A690D0016}.Release|Any CPU.Build.0 = Release|Any CPU
	EndGlobalSection
	GlobalSection(SolutionProperties) = preSolution
		HideSolutionNode = FALSE
	EndGlobalSection
	GlobalSection(ExtensibilityGlobals) = postSolution
		SolutionGuid = {80D2978A-9BE3-41B7-BE87-E47893B97D0D}
	EndGlobalSection
EndGlobal
